<?xml version="1.0" encoding="utf-8"?>
<Project ToolsVersion="4.0" xmlns="http://schemas.microsoft.com/developer/msbuild/2003">
  <ItemGroup>
    <Filter Include="源文件">
      <UniqueIdentifier>{4FC737F1-C7A5-4376-A066-2A32D752A2FF}</UniqueIdentifier>
      <Extensions>cpp;c;cc;cxx;def;odl;idl;hpj;bat;asm;asmx</Extensions>
    </Filter>
    <Filter Include="头文件">
      <UniqueIdentifier>{93995380-89BD-4b04-88EB-625FBE52EBFB}</UniqueIdentifier>
      <Extensions>h;hh;hpp;hxx;hm;inl;inc;ipp;xsd</Extensions>
    </Filter>
    <Filter Include="资源文件">
      <UniqueIdentifier>{67DA6AB6-F800-4c08-8B7A-83BB121AAD01}</UniqueIdentifier>
      <Extensions>rc;ico;cur;bmp;dlg;rc2;rct;bin;rgs;gif;jpg;jpeg;jpe;resx;tiff;tif;png;wav;mfcribbon-ms</Extensions>
    </Filter>
  </ItemGroup>
  <ItemGroup>
    <ClInclude Include="PT.h">
      <Filter>头文件</Filter>
    </ClInclude>
    <ClInclude Include="stdafx.h">
      <Filter>头文件</Filter>
    </ClInclude>
    <ClInclude Include="targetver.h">
      <Filter>头文件</Filter>
    </ClInclude>
    <ClInclude Include="MainFrm.h">
      <Filter>头文件</Filter>
    </ClInclude>
    <ClInclude Include="PTDoc.h">
      <Filter>头文件</Filter>
    </ClInclude>
    <ClInclude Include="PTView.h">
      <Filter>头文件</Filter>
    </ClInclude>
    <ClInclude Include="Resource.h">
      <Filter>头文件</Filter>
    </ClInclude>
    <ClInclude Include="Machine.h">
      <Filter>头文件</Filter>
    </ClInclude>
    <ClInclude Include="Domain.h">
      <Filter>头文件</Filter>
    </ClInclude>
    <ClInclude Include="Interface.h">
      <Filter>头文件</Filter>
    </ClInclude>
    <ClInclude Include="ContextDiagram.h">
      <Filter>头文件</Filter>
    </ClInclude>
    <ClInclude Include="ProblemDiagram.h">
      <Filter>头文件</Filter>
    </ClInclude>
    <ClInclude Include="Requirement.h">
      <Filter>头文件</Filter>
    </ClInclude>
    <ClInclude Include="Reference.h">
      <Filter>头文件</Filter>
    </ClInclude>
    <ClInclude Include="Constraint.h">
      <Filter>头文件</Filter>
    </ClInclude>
    <ClInclude Include="MachineDlg.h">
      <Filter>头文件</Filter>
    </ClInclude>
    <ClInclude Include="DomainDlg.h">
      <Filter>头文件</Filter>
    </ClInclude>
    <ClInclude Include="RequirementDlg.h">
      <Filter>头文件</Filter>
    </ClInclude>
    <ClInclude Include="InterfaceDlg.h">
      <Filter>头文件</Filter>
    </ClInclude>
    <ClInclude Include="Type.h">
      <Filter>头文件</Filter>
    </ClInclude>
    <ClInclude Include="ReferenceDlg.h">
      <Filter>头文件</Filter>
    </ClInclude>
    <ClInclude Include="ConstraintDlg.h">
      <Filter>头文件</Filter>
    </ClInclude>
  </ItemGroup>
  <ItemGroup>
    <ClCompile Include="PT.cpp">
      <Filter>源文件</Filter>
    </ClCompile>
    <ClCompile Include="stdafx.cpp">
      <Filter>源文件</Filter>
    </ClCompile>
    <ClCompile Include="MainFrm.cpp">
      <Filter>源文件</Filter>
    </ClCompile>
    <ClCompile Include="PTDoc.cpp">
      <Filter>源文件</Filter>
    </ClCompile>
    <ClCompile Include="PTView.cpp">
      <Filter>源文件</Filter>
    </ClCompile>
    <ClCompile Include="Machine.cpp">
      <Filter>源文件</Filter>
    </ClCompile>
    <ClCompile Include="Domain.cpp">
      <Filter>源文件</Filter>
    </ClCompile>
    <ClCompile Include="Interface.cpp">
      <Filter>源文件</Filter>
    </ClCompile>
    <ClCompile Include="ContextDiagram.cpp">
      <Filter>源文件</Filter>
    </ClCompile>
    <ClCompile Include="ProblemDiagram.cpp">
      <Filter>源文件</Filter>
    </ClCompile>
    <ClCompile Include="Requirement.cpp">
      <Filter>源文件</Filter>
    </ClCompile>
    <ClCompile Include="Reference.cpp">
      <Filter>源文件</Filter>
    </ClCompile>
    <ClCompile Include="Constraint.cpp">
      <Filter>源文件</Filter>
    </ClCompile>
    <ClCompile Include="MachineDlg.cpp">
      <Filter>源文件</Filter>
    </ClCompile>
    <ClCompile Include="DomainDlg.cpp">
      <Filter>源文件</Filter>
    </ClCompile>
    <ClCompile Include="RequirementDlg.cpp">
      <Filter>源文件</Filter>
    </ClCompile>
    <ClCompile Include="InterfaceDlg.cpp">
      <Filter>源文件</Filter>
    </ClCompile>
    <ClCompile Include="ReferenceDlg.cpp">
      <Filter>源文件</Filter>
    </ClCompile>
    <ClCompile Include="ConstraintDlg.cpp">
      <Filter>源文件</Filter>
    </ClCompile>
  </ItemGroup>
  <ItemGroup>
    <ResourceCompile Include="PT.rc">
      <Filter>资源文件</Filter>
    </ResourceCompile>
  </ItemGroup>
  <ItemGroup>
    <None Include="res\PT.rc2">
      <Filter>资源文件</Filter>
    </None>
  </ItemGroup>
  <ItemGroup>
    <Image Include="res\PTDoc.ico">
      <Filter>资源文件</Filter>
    </Image>
    <Image Include="res\PT.ico">
      <Filter>资源文件</Filter>
    </Image>
    <Image Include="res\Toolbar.bmp">
      <Filter>资源文件</Filter>
    </Image>
  </ItemGroup>
</Project>